
Microsoft Visual Studio Solution File, Format Version 12.00
# Visual Studio Version 17
VisualStudioVersion = 17.4.33213.308
MinimumVisualStudioVersion = 10.0.40219.1
Project("{FAE04EC0-301F-11D3-BF4B-00C04F79EFBC}") = "Precy Lim Company", "Precy Lim Company\Precy Lim Company.csproj", "{A9DE1516-8590-4819-BBEC-F97FBDB665AD}"
EndProject
Global
	GlobalSection(SolutionConfigurationPlatforms) = preSolution
		Debug|Any CPU = Debug|Any CPU
		Release|Any CPU = Release|Any CPU
	EndGlobalSection
	GlobalSection(ProjectConfigurationPlatforms) = postSolution
		{A9DE1516-8590-4819-BBEC-F97FBDB665AD}.Debug|Any CPU.ActiveCfg = Debug|Any CPU
		{A9DE1516-8590-4819-BBEC-F97FBDB665AD}.Debug|Any CPU.Build.0 = Debug|Any CPU
		{A9DE1516-8590-4819-BBEC-F97FBDB665AD}.Release|Any CPU.ActiveCfg = Release|Any CPU
		{A9DE1516-8590-4819-BBEC-F97FBDB665AD}.Release|Any CPU.Build.0 = Release|Any CPU
	EndGlobalSection
	GlobalSection(SolutionProperties) = preSolution
		HideSolutionNode = FALSE
	EndGlobalSection
	GlobalSection(ExtensibilityGlobals) = postSolution
		SolutionGuid = {484AD124-8945-4D65-930B-F53F6682A6BE}
	EndGlobalSection
EndGlobal
